
Microsoft Visual Studio Solution File, Format Version 12.00
# Visual Studio Version 16
VisualStudioVersion = 16.0.31613.86
MinimumVisualStudioVersion = 10.0.40219.1
Project("{FAE04EC0-301F-11D3-BF4B-00C04F79EFBC}") = "Group11Apps", "Group11Apps\Group11Apps.csproj", "{F1336110-ECB6-41CF-9F5B-994E24F7037F}"
EndProject
Global
	GlobalSection(SolutionConfigurationPlatforms) = preSolution
		Debug|Any CPU = Debug|Any CPU
		Release|Any CPU = Release|Any CPU
	EndGlobalSection
	GlobalSection(ProjectConfigurationPlatforms) = postSolution
		{F1336110-ECB6-41CF-9F5B-994E24F7037F}.Debug|Any CPU.ActiveCfg = Debug|Any CPU
		{F1336110-ECB6-41CF-9F5B-994E24F7037F}.Debug|Any CPU.Build.0 = Debug|Any CPU
		{F1336110-ECB6-41CF-9F5B-994E24F7037F}.Release|Any CPU.ActiveCfg = Release|Any CPU
		{F1336110-ECB6-41CF-9F5B-994E24F7037F}.Release|Any CPU.Build.0 = Release|Any CPU
	EndGlobalSection
	GlobalSection(SolutionProperties) = preSolution
		HideSolutionNode = FALSE
	EndGlobalSection
	GlobalSection(ExtensibilityGlobals) = postSolution
		SolutionGuid = {134E0027-DAB4-4B85-A692-BBFFADD35F4D}
	EndGlobalSection
EndGlobal
